
Microsoft Visual Studio Solution File, Format Version 12.00
# Visual Studio Version 16
VisualStudioVersion = 16.0.31613.86
MinimumVisualStudioVersion = 10.0.40219.1
Project("{FAE04EC0-301F-11D3-BF4B-00C04F79EFBC}") = "IclonableAssign", "IclonableAssign\IclonableAssign.csproj", "{60768BBF-08AF-466E-A023-B9A132760FEE}"
EndProject
Global
	GlobalSection(SolutionConfigurationPlatforms) = preSolution
		Debug|Any CPU = Debug|Any CPU
		Release|Any CPU = Release|Any CPU
	EndGlobalSection
	GlobalSection(ProjectConfigurationPlatforms) = postSolution
		{60768BBF-08AF-466E-A023-B9A132760FEE}.Debug|Any CPU.ActiveCfg = Debug|Any CPU
		{60768BBF-08AF-466E-A023-B9A132760FEE}.Debug|Any CPU.Build.0 = Debug|Any CPU
		{60768BBF-08AF-466E-A023-B9A132760FEE}.Release|Any CPU.ActiveCfg = Release|Any CPU
		{60768BBF-08AF-466E-A023-B9A132760FEE}.Release|Any CPU.Build.0 = Release|Any CPU
	EndGlobalSection
	GlobalSection(SolutionProperties) = preSolution
		HideSolutionNode = FALSE
	EndGlobalSection
	GlobalSection(ExtensibilityGlobals) = postSolution
		SolutionGuid = {FFBD9C61-70A5-468F-A371-F77D375BD3B9}
	EndGlobalSection
EndGlobal
